// !$*UTF8*$!
{
	archiveVersion = 1;
	classes = {
	};
	objectVersion = 51;
	objects = {

/* Begin PBXBuildFile section */
		7F30F0AB23F199F000ACADB6 /* LocalAlert.swift in Sources */ = {isa = PBXBuildFile; fileRef = 7F30F0AA23F199F000ACADB6 /* LocalAlert.swift */; };
		7F30F0F523F42F4600ACADB6 /* AnswerDataList.swift in Sources */ = {isa = PBXBuildFile; fileRef = 7F30F0F423F42F4600ACADB6 /* AnswerDataList.swift */; };
		A665E9293417ECBD183117E1 /* Pods_MemoryReactivationApp.framework in Frameworks */ = {isa = PBXBuildFile; fileRef = C9A5AE0A47F6EAC3560F423A /* Pods_MemoryReactivationApp.framework */; };
		F58940BA23B8D67100A7B129 /* AppDelegate.swift in Sources */ = {isa = PBXBuildFile; fileRef = F58940B923B8D67100A7B129 /* AppDelegate.swift */; };
		F58940BC23B8D67100A7B129 /* SceneDelegate.swift in Sources */ = {isa = PBXBuildFile; fileRef = F58940BB23B8D67100A7B129 /* SceneDelegate.swift */; };
		F58940BE23B8D67100A7B129 /* ViewController.swift in Sources */ = {isa = PBXBuildFile; fileRef = F58940BD23B8D67100A7B129 /* ViewController.swift */; };
		F58940C123B8D67100A7B129 /* Main.storyboard in Resources */ = {isa = PBXBuildFile; fileRef = F58940BF23B8D67100A7B129 /* Main.storyboard */; };
		F58940C323B8D67800A7B129 /* Assets.xcassets in Resources */ = {isa = PBXBuildFile; fileRef = F58940C223B8D67800A7B129 /* Assets.xcassets */; };
		F58940C623B8D67800A7B129 /* LaunchScreen.storyboard in Resources */ = {isa = PBXBuildFile; fileRef = F58940C423B8D67800A7B129 /* LaunchScreen.storyboard */; };
		F5ABEE1423BC6FC6006AF2D7 /* OdaiData.swift in Sources */ = {isa = PBXBuildFile; fileRef = F5ABEE1323BC6FC6006AF2D7 /* OdaiData.swift */; };
		F5ABEE1623BC71B5006AF2D7 /* MemoryTableViewController.swift in Sources */ = {isa = PBXBuildFile; fileRef = F5ABEE1523BC71B5006AF2D7 /* MemoryTableViewController.swift */; };
		F5ABEE1823BC71F9006AF2D7 /* QuizViewController.swift in Sources */ = {isa = PBXBuildFile; fileRef = F5ABEE1723BC71F9006AF2D7 /* QuizViewController.swift */; };
		F5ABEE1D23BE3510006AF2D7 /* DataRealm.swift in Sources */ = {isa = PBXBuildFile; fileRef = F5ABEE1C23BE3510006AF2D7 /* DataRealm.swift */; };
/* End PBXBuildFile section */

/* Begin PBXFileReference section */
		1A9DD930469C3BE489D0A235 /* Pods-MemoryReactivationApp.release.xcconfig */ = {isa = PBXFileReference; includeInIndex = 1; lastKnownFileType = text.xcconfig; name = "Pods-MemoryReactivationApp.release.xcconfig"; path = "Target Support Files/Pods-MemoryReactivationApp/Pods-MemoryReactivationApp.release.xcconfig"; sourceTree = "<group>"; };
		7F30F0AA23F199F000ACADB6 /* LocalAlert.swift */ = {isa = PBXFileReference; lastKnownFileType = sourcecode.swift; path = LocalAlert.swift; sourceTree = "<group>"; };
		7F30F0F423F42F4600ACADB6 /* AnswerDataList.swift */ = {isa = PBXFileReference; lastKnownFileType = sourcecode.swift; path = AnswerDataList.swift; sourceTree = "<group>"; };
		C9A5AE0A47F6EAC3560F423A /* Pods_MemoryReactivationApp.framework */ = {isa = PBXFileReference; explicitFileType = wrapper.framework; includeInIndex = 0; path = Pods_MemoryReactivationApp.framework; sourceTree = BUILT_PRODUCTS_DIR; };
		E995E70E5DB40C569F0C08FD /* Pods-MemoryReactivationApp.debug.xcconfig */ = {isa = PBXFileReference; includeInIndex = 1; lastKnownFileType = text.xcconfig; name = "Pods-MemoryReactivationApp.debug.xcconfig"; path = "Target Support Files/Pods-MemoryReactivationApp/Pods-MemoryReactivationApp.debug.xcconfig"; sourceTree = "<group>"; };
		F58940B623B8D67100A7B129 /* MemoryReactivationApp.app */ = {isa = PBXFileReference; explicitFileType = wrapper.application; includeInIndex = 0; path = MemoryReactivationApp.app; sourceTree = BUILT_PRODUCTS_DIR; };
		F58940B923B8D67100A7B129 /* AppDelegate.swift */ = {isa = PBXFileReference; lastKnownFileType = sourcecode.swift; path = AppDelegate.swift; sourceTree = "<group>"; };
		F58940BB23B8D67100A7B129 /* SceneDelegate.swift */ = {isa = PBXFileReference; lastKnownFileType = sourcecode.swift; path = SceneDelegate.swift; sourceTree = "<group>"; };
		F58940BD23B8D67100A7B129 /* ViewController.swift */ = {isa = PBXFileReference; lastKnownFileType = sourcecode.swift; path = ViewController.swift; sourceTree = "<group>"; };
		F58940C023B8D67100A7B129 /* Base */ = {isa = PBXFileReference; lastKnownFileType = file.storyboard; name = Base; path = Base.lproj/Main.storyboard; sourceTree = "<group>"; };
		F58940C223B8D67800A7B129 /* Assets.xcassets */ = {isa = PBXFileReference; lastKnownFileType = folder.assetcatalog; path = Assets.xcassets; sourceTree = "<group>"; };
		F58940C523B8D67800A7B129 /* Base */ = {isa = PBXFileReference; lastKnownFileType = file.storyboard; name = Base; path = Base.lproj/LaunchScreen.storyboard; sourceTree = "<group>"; };
		F58940C723B8D67800A7B129 /* Info.plist */ = {isa = PBXFileReference; lastKnownFileType = text.plist.xml; path = Info.plist; sourceTree = "<group>"; };
		F5ABEE1323BC6FC6006AF2D7 /* OdaiData.swift */ = {isa = PBXFileReference; lastKnownFileType = sourcecode.swift; path = OdaiData.swift; sourceTree = "<group>"; };
		F5ABEE1523BC71B5006AF2D7 /* MemoryTableViewController.swift */ = {isa = PBXFileReference; lastKnownFileType = sourcecode.swift; path = MemoryTableViewController.swift; sourceTree = "<group>"; };
		F5ABEE1723BC71F9006AF2D7 /* QuizViewController.swift */ = {isa = PBXFileReference; lastKnownFileType = sourcecode.swift; path = QuizViewController.swift; sourceTree = "<group>"; };
		F5ABEE1C23BE3510006AF2D7 /* DataRealm.swift */ = {isa = PBXFileReference; lastKnownFileType = sourcecode.swift; path = DataRealm.swift; sourceTree = "<group>"; };
/* End PBXFileReference section */

/* Begin PBXFrameworksBuildPhase section */
		F58940B323B8D67100A7B129 /* Frameworks */ = {
			isa = PBXFrameworksBuildPhase;
			buildActionMask = 2147483647;
			files = (
				A665E9293417ECBD183117E1 /* Pods_MemoryReactivationApp.framework in Frameworks */,
			);
			runOnlyForDeploymentPostprocessing = 0;
		};
/* End PBXFrameworksBuildPhase section */

/* Begin PBXGroup section */
		2E5DD8C45992BD9310CB3EFA /* Pods */ = {
			isa = PBXGroup;
			children = (
				E995E70E5DB40C569F0C08FD /* Pods-MemoryReactivationApp.debug.xcconfig */,
				1A9DD930469C3BE489D0A235 /* Pods-MemoryReactivationApp.release.xcconfig */,
			);
			path = Pods;
			sourceTree = "<group>";
		};
		C942B9D7432588EC47380A4B /* Frameworks */ = {
			isa = PBXGroup;
			children = (
				C9A5AE0A47F6EAC3560F423A /* Pods_MemoryReactivationApp.framework */,
			);
			name = Frameworks;
			sourceTree = "<group>";
		};
		F58940AD23B8D67100A7B129 = {
			isa = PBXGroup;
			children = (
				F58940B823B8D67100A7B129 /* MemoryReactivationApp */,
				F58940B723B8D67100A7B129 /* Products */,
				2E5DD8C45992BD9310CB3EFA /* Pods */,
				C942B9D7432588EC47380A4B /* Frameworks */,
			);
			sourceTree = "<group>";
		};
		F58940B723B8D67100A7B129 /* Products */ = {
			isa = PBXGroup;
			children = (
				F58940B623B8D67100A7B129 /* MemoryReactivationApp.app */,
			);
			name = Products;
			sourceTree = "<group>";
		};
		F58940B823B8D67100A7B129 /* MemoryReactivationApp */ = {
			isa = PBXGroup;
			children = (
				F5ABEE1B23BC72AA006AF2D7 /* Model */,
				F5ABEE1A23BC727B006AF2D7 /* View */,
				F5ABEE1923BC7258006AF2D7 /* Controller */,
				F58940C723B8D67800A7B129 /* Info.plist */,
			);
			path = MemoryReactivationApp;
			sourceTree = "<group>";
		};
		F5ABEE1923BC7258006AF2D7 /* Controller */ = {
			isa = PBXGroup;
			children = (
				F58940BD23B8D67100A7B129 /* ViewController.swift */,
				F5ABEE1723BC71F9006AF2D7 /* QuizViewController.swift */,
				F5ABEE1523BC71B5006AF2D7 /* MemoryTableViewController.swift */,
				7F30F0AA23F199F000ACADB6 /* LocalAlert.swift */,
			);
			path = Controller;
			sourceTree = "<group>";
		};
		F5ABEE1A23BC727B006AF2D7 /* View */ = {
			isa = PBXGroup;
			children = (
				F58940BF23B8D67100A7B129 /* Main.storyboard */,
				F58940B923B8D67100A7B129 /* AppDelegate.swift */,
				F58940BB23B8D67100A7B129 /* SceneDelegate.swift */,
				F58940C223B8D67800A7B129 /* Assets.xcassets */,
				F58940C423B8D67800A7B129 /* LaunchScreen.storyboard */,
			);
			path = View;
			sourceTree = "<group>";
		};
		F5ABEE1B23BC72AA006AF2D7 /* Model */ = {
			isa = PBXGroup;
			children = (
				F5ABEE1323BC6FC6006AF2D7 /* OdaiData.swift */,
				F5ABEE1C23BE3510006AF2D7 /* DataRealm.swift */,
				7F30F0F423F42F4600ACADB6 /* AnswerDataList.swift */,
			);
			path = Model;
			sourceTree = "<group>";
		};
/* End PBXGroup section */

/* Begin PBXNativeTarget section */
		F58940B523B8D67100A7B129 /* MemoryReactivationApp */ = {
			isa = PBXNativeTarget;
			buildConfigurationList = F58940CA23B8D67800A7B129 /* Build configuration list for PBXNativeTarget "MemoryReactivationApp" */;
			buildPhases = (
				44633D8008975EFB11D7A1D7 /* [CP] Check Pods Manifest.lock */,
				F58940B223B8D67100A7B129 /* Sources */,
				F58940B323B8D67100A7B129 /* Frameworks */,
				F58940B423B8D67100A7B129 /* Resources */,
				6A4CC0299FD1BD594B52D6D7 /* [CP] Embed Pods Frameworks */,
			);
			buildRules = (
			);
			dependencies = (
			);
			name = MemoryReactivationApp;
			productName = MemoryReactivationApp;
			productReference = F58940B623B8D67100A7B129 /* MemoryReactivationApp.app */;
			productType = "com.apple.product-type.application";
		};
/* End PBXNativeTarget section */

/* Begin PBXProject section */
		F58940AE23B8D67100A7B129 /* Project object */ = {
			isa = PBXProject;
			attributes = {
				LastSwiftUpdateCheck = 1110;
				LastUpgradeCheck = 1110;
				ORGANIZATIONNAME = "宏輝";
				TargetAttributes = {
					F58940B523B8D67100A7B129 = {
						CreatedOnToolsVersion = 11.1;
					};
				};
			};
			buildConfigurationList = F58940B123B8D67100A7B129 /* Build configuration list for PBXProject "MemoryReactivationApp" */;
			compatibilityVersion = "Xcode 9.3";
			developmentRegion = en;
			hasScannedForEncodings = 0;
			knownRegions = (
				en,
				Base,
			);
			mainGroup = F58940AD23B8D67100A7B129;
			productRefGroup = F58940B723B8D67100A7B129 /* Products */;
			projectDirPath = "";
			projectRoot = "";
			targets = (
				F58940B523B8D67100A7B129 /* MemoryReactivationApp */,
			);
		};
/* End PBXProject section */

/* Begin PBXResourcesBuildPhase section */
		F58940B423B8D67100A7B129 /* Resources */ = {
			isa = PBXResourcesBuildPhase;
			buildActionMask = 2147483647;
			files = (
				F58940C623B8D67800A7B129 /* LaunchScreen.storyboard in Resources */,
				F58940C323B8D67800A7B129 /* Assets.xcassets in Resources */,
				F58940C123B8D67100A7B129 /* Main.storyboard in Resources */,
			);
			runOnlyForDeploymentPostprocessing = 0;
		};
/* End PBXResourcesBuildPhase section */

/* Begin PBXShellScriptBuildPhase section */
		44633D8008975EFB11D7A1D7 /* [CP] Check Pods Manifest.lock */ = {
			isa = PBXShellScriptBuildPhase;
			buildActionMask = 2147483647;
			files = (
			);
			inputFileListPaths = (
			);
			inputPaths = (
				"${PODS_PODFILE_DIR_PATH}/Podfile.lock",
				"${PODS_ROOT}/Manifest.lock",
			);
			name = "[CP] Check Pods Manifest.lock";
			outputFileListPaths = (
			);
			outputPaths = (
				"$(DERIVED_FILE_DIR)/Pods-MemoryReactivationApp-checkManifestLockResult.txt",
			);
			runOnlyForDeploymentPostprocessing = 0;
			shellPath = /bin/sh;
			shellScript = "diff \"${PODS_PODFILE_DIR_PATH}/Podfile.lock\" \"${PODS_ROOT}/Manifest.lock\" > /dev/null\nif [ $? != 0 ] ; then\n    # print error to STDERR\n    echo \"error: The sandbox is not in sync with the Podfile.lock. Run 'pod install' or update your CocoaPods installation.\" >&2\n    exit 1\nfi\n# This output is used by Xcode 'outputs' to avoid re-running this script phase.\necho \"SUCCESS\" > \"${SCRIPT_OUTPUT_FILE_0}\"\n";
			showEnvVarsInLog = 0;
		};
		6A4CC0299FD1BD594B52D6D7 /* [CP] Embed Pods Frameworks */ = {
			isa = PBXShellScriptBuildPhase;
			buildActionMask = 2147483647;
			files = (
			);
			inputFileListPaths = (
				"${PODS_ROOT}/Target Support Files/Pods-MemoryReactivationApp/Pods-MemoryReactivationApp-frameworks-${CONFIGURATION}-input-files.xcfilelist",
			);
			name = "[CP] Embed Pods Frameworks";
			outputFileListPaths = (
				"${PODS_ROOT}/Target Support Files/Pods-MemoryReactivationApp/Pods-MemoryReactivationApp-frameworks-${CONFIGURATION}-output-files.xcfilelist",
			);
			runOnlyForDeploymentPostprocessing = 0;
			shellPath = /bin/sh;
			shellScript = "\"${PODS_ROOT}/Target Support Files/Pods-MemoryReactivationApp/Pods-MemoryReactivationApp-frameworks.sh\"\n";
			showEnvVarsInLog = 0;
		};
/* End PBXShellScriptBuildPhase section */

/* Begin PBXSourcesBuildPhase section */
		F58940B223B8D67100A7B129 /* Sources */ = {
			isa = PBXSourcesBuildPhase;
			buildActionMask = 2147483647;
			files = (
				F5ABEE1623BC71B5006AF2D7 /* MemoryTableViewController.swift in Sources */,
				F58940BE23B8D67100A7B129 /* ViewController.swift in Sources */,
				F58940BA23B8D67100A7B129 /* AppDelegate.swift in Sources */,
				7F30F0F523F42F4600ACADB6 /* AnswerDataList.swift in Sources */,
				F5ABEE1823BC71F9006AF2D7 /* QuizViewController.swift in Sources */,
				F5ABEE1D23BE3510006AF2D7 /* DataRealm.swift in Sources */,
				F58940BC23B8D67100A7B129 /* SceneDelegate.swift in Sources */,
				7F30F0AB23F199F000ACADB6 /* LocalAlert.swift in Sources */,
				F5ABEE1423BC6FC6006AF2D7 /* OdaiData.swift in Sources */,
			);
			runOnlyForDeploymentPostprocessing = 0;
		};
/* End PBXSourcesBuildPhase section */

/* Begin PBXVariantGroup section */
		F58940BF23B8D67100A7B129 /* Main.storyboard */ = {
			isa = PBXVariantGroup;
			children = (
				F58940C023B8D67100A7B129 /* Base */,
			);
			name = Main.storyboard;
			sourceTree = "<group>";
		};
		F58940C423B8D67800A7B129 /* LaunchScreen.storyboard */ = {
			isa = PBXVariantGroup;
			children = (
				F58940C523B8D67800A7B129 /* Base */,
			);
			name = LaunchScreen.storyboard;
			sourceTree = "<group>";
		};
/* End PBXVariantGroup section */

/* Begin XCBuildConfiguration section */
		F58940C823B8D67800A7B129 /* Debug */ = {
			isa = XCBuildConfiguration;
			buildSettings = {
				ALWAYS_SEARCH_USER_PATHS = NO;
				CLANG_ANALYZER_NONNULL = YES;
				CLANG_ANALYZER_NUMBER_OBJECT_CONVERSION = YES_AGGRESSIVE;
				CLANG_CXX_LANGUAGE_STANDARD = "gnu++14";
				CLANG_CXX_LIBRARY = "libc++";
				CLANG_ENABLE_MODULES = YES;
				CLANG_ENABLE_OBJC_ARC = YES;
				CLANG_ENABLE_OBJC_WEAK = YES;
				CLANG_WARN_BLOCK_CAPTURE_AUTORELEASING = YES;
				CLANG_WARN_BOOL_CONVERSION = YES;
				CLANG_WARN_COMMA = YES;
				CLANG_WARN_CONSTANT_CONVERSION = YES;
				CLANG_WARN_DEPRECATED_OBJC_IMPLEMENTATIONS = YES;
				CLANG_WARN_DIRECT_OBJC_ISA_USAGE = YES_ERROR;
				CLANG_WARN_DOCUMENTATION_COMMENTS = YES;
				CLANG_WARN_EMPTY_BODY = YES;
				CLANG_WARN_ENUM_CONVERSION = YES;
				CLANG_WARN_INFINITE_RECURSION = YES;
				CLANG_WARN_INT_CONVERSION = YES;
				CLANG_WARN_NON_LITERAL_NULL_CONVERSION = YES;
				CLANG_WARN_OBJC_IMPLICIT_RETAIN_SELF = YES;
				CLANG_WARN_OBJC_LITERAL_CONVERSION = YES;
				CLANG_WARN_OBJC_ROOT_CLASS = YES_ERROR;
				CLANG_WARN_RANGE_LOOP_ANALYSIS = YES;
				CLANG_WARN_STRICT_PROTOTYPES = YES;
				CLANG_WARN_SUSPICIOUS_MOVE = YES;
				CLANG_WARN_UNGUARDED_AVAILABILITY = YES_AGGRESSIVE;
				CLANG_WARN_UNREACHABLE_CODE = YES;
				CLANG_WARN__DUPLICATE_METHOD_MATCH = YES;
				COPY_PHASE_STRIP = NO;
				DEBUG_INFORMATION_FORMAT = dwarf;
				ENABLE_STRICT_OBJC_MSGSEND = YES;
				ENABLE_TESTABILITY = YES;
				GCC_C_LANGUAGE_STANDARD = gnu11;
				GCC_DYNAMIC_NO_PIC = NO;
				GCC_NO_COMMON_BLOCKS = YES;
				GCC_OPTIMIZATION_LEVEL = 0;
				GCC_PREPROCESSOR_DEFINITIONS = (
					"DEBUG=1",
					"$(inherited)",
				);
				GCC_WARN_64_TO_32_BIT_CONVERSION = YES;
				GCC_WARN_ABOUT_RETURN_TYPE = YES_ERROR;
				GCC_WARN_UNDECLARED_SELECTOR = YES;
				GCC_WARN_UNINITIALIZED_AUTOS = YES_AGGRESSIVE;
				GCC_WARN_UNUSED_FUNCTION = YES;
				GCC_WARN_UNUSED_VARIABLE = YES;
				IPHONEOS_DEPLOYMENT_TARGET = 13.1;
				MTL_ENABLE_DEBUG_INFO = INCLUDE_SOURCE;
				MTL_FAST_MATH = YES;
				ONLY_ACTIVE_ARCH = YES;
				SDKROOT = iphoneos;
				SWIFT_ACTIVE_COMPILATION_CONDITIONS = DEBUG;
				SWIFT_OPTIMIZATION_LEVEL = "-Onone";
			};
			name = Debug;
		};
		F58940C923B8D67800A7B129 /* Release */ = {
			isa = XCBuildConfiguration;
			buildSettings = {
				ALWAYS_SEARCH_USER_PATHS = NO;
				CLANG_ANALYZER_NONNULL = YES;
				CLANG_ANALYZER_NUMBER_OBJECT_CONVERSION = YES_AGGRESSIVE;
				CLANG_CXX_LANGUAGE_STANDARD = "gnu++14";
				CLANG_CXX_LIBRARY = "libc++";
				CLANG_ENABLE_MODULES = YES;
				CLANG_ENABLE_OBJC_ARC = YES;
				CLANG_ENABLE_OBJC_WEAK = YES;
				CLANG_WARN_BLOCK_CAPTURE_AUTORELEASING = YES;
				CLANG_WARN_BOOL_CONVERSION = YES;
				CLANG_WARN_COMMA = YES;
				CLANG_WARN_CONSTANT_CONVERSION = YES;
				CLANG_WARN_DEPRECATED_OBJC_IMPLEMENTATIONS = YES;
				CLANG_WARN_DIRECT_OBJC_ISA_USAGE = YES_ERROR;
				CLANG_WARN_DOCUMENTATION_COMMENTS = YES;
				CLANG_WARN_EMPTY_BODY = YES;
				CLANG_WARN_ENUM_CONVERSION = YES;
				CLANG_WARN_INFINITE_RECURSION = YES;
				CLANG_WARN_INT_CONVERSION = YES;
				CLANG_WARN_NON_LITERAL_NULL_CONVERSION = YES;
				CLANG_WARN_OBJC_IMPLICIT_RETAIN_SELF = YES;
				CLANG_WARN_OBJC_LITERAL_CONVERSION = YES;
				CLANG_WARN_OBJC_ROOT_CLASS = YES_ERROR;
				CLANG_WARN_RANGE_LOOP_ANALYSIS = YES;
				CLANG_WARN_STRICT_PROTOTYPES = YES;
				CLANG_WARN_SUSPICIOUS_MOVE = YES;
				CLANG_WARN_UNGUARDED_AVAILABILITY = YES_AGGRESSIVE;
				CLANG_WARN_UNREACHABLE_CODE = YES;
				CLANG_WARN__DUPLICATE_METHOD_MATCH = YES;
				COPY_PHASE_STRIP = NO;
				DEBUG_INFORMATION_FORMAT = "dwarf-with-dsym";
				ENABLE_NS_ASSERTIONS = NO;
				ENABLE_STRICT_OBJC_MSGSEND = YES;
				GCC_C_LANGUAGE_STANDARD = gnu11;
				GCC_NO_COMMON_BLOCKS = YES;
				GCC_WARN_64_TO_32_BIT_CONVERSION = YES;
				GCC_WARN_ABOUT_RETURN_TYPE = YES_ERROR;
				GCC_WARN_UNDECLARED_SELECTOR = YES;
				GCC_WARN_UNINITIALIZED_AUTOS = YES_AGGRESSIVE;
				GCC_WARN_UNUSED_FUNCTION = YES;
				GCC_WARN_UNUSED_VARIABLE = YES;
				IPHONEOS_DEPLOYMENT_TARGET = 13.1;
				MTL_ENABLE_DEBUG_INFO = NO;
				MTL_FAST_MATH = YES;
				SDKROOT = iphoneos;
				SWIFT_COMPILATION_MODE = wholemodule;
				SWIFT_OPTIMIZATION_LEVEL = "-O";
				VALIDATE_PRODUCT = YES;
			};
			name = Release;
		};
		F58940CB23B8D67800A7B129 /* Debug */ = {
			isa = XCBuildConfiguration;
			baseConfigurationReference = E995E70E5DB40C569F0C08FD /* Pods-MemoryReactivationApp.debug.xcconfig */;
			buildSettings = {
				ASSETCATALOG_COMPILER_APPICON_NAME = AppIcon;
				CODE_SIGN_STYLE = Automatic;
				DEVELOPMENT_TEAM = K6FA22KGKX;
				INFOPLIST_FILE = MemoryReactivationApp/Info.plist;
				LD_RUNPATH_SEARCH_PATHS = (
					"$(inherited)",
					"@executable_path/Frameworks",
				);
				PRODUCT_BUNDLE_IDENTIFIER = com.withios.MemoryReactivationApp;
				PRODUCT_NAME = "$(TARGET_NAME)";
				SWIFT_VERSION = 5.0;
				TARGETED_DEVICE_FAMILY = "1,2";
			};
			name = Debug;
		};
		F58940CC23B8D67800A7B129 /* Release */ = {
			isa = XCBuildConfiguration;
			baseConfigurationReference = 1A9DD930469C3BE489D0A235 /* Pods-MemoryReactivationApp.release.xcconfig */;
			buildSettings = {
				ASSETCATALOG_COMPILER_APPICON_NAME = AppIcon;
				CODE_SIGN_STYLE = Automatic;
				DEVELOPMENT_TEAM = K6FA22KGKX;
				INFOPLIST_FILE = MemoryReactivationApp/Info.plist;
				LD_RUNPATH_SEARCH_PATHS = (
					"$(inherited)",
					"@executable_path/Frameworks",
				);
				PRODUCT_BUNDLE_IDENTIFIER = com.withios.MemoryReactivationApp;
				PRODUCT_NAME = "$(TARGET_NAME)";
				SWIFT_VERSION = 5.0;
				TARGETED_DEVICE_FAMILY = "1,2";
			};
			name = Release;
		};
/* End XCBuildConfiguration section */

/* Begin XCConfigurationList section */
		F58940B123B8D67100A7B129 /* Build configuration list for PBXProject "MemoryReactivationApp" */ = {
			isa = XCConfigurationList;
			buildConfigurations = (
				F58940C823B8D67800A7B129 /* Debug */,
				F58940C923B8D67800A7B129 /* Release */,
			);
			defaultConfigurationIsVisible = 0;
			defaultConfigurationName = Release;
		};
		F58940CA23B8D67800A7B129 /* Build configuration list for PBXNativeTarget "MemoryReactivationApp" */ = {
			isa = XCConfigurationList;
			buildConfigurations = (
				F58940CB23B8D67800A7B129 /* Debug */,
				F58940CC23B8D67800A7B129 /* Release */,
			);
			defaultConfigurationIsVisible = 0;
			defaultConfigurationName = Release;
		};
/* End XCConfigurationList section */
	};
	rootObject = F58940AE23B8D67100A7B129 /* Project object */;
}
